// !$*UTF8*$!
{
	archiveVersion = 1;
	classes = {
	};
	objectVersion = 55;
	objects = {

/* Begin PBXBuildFile section */
		220456472777F3D8000AB487 /* Tests_iOS.swift in Sources */ = {isa = PBXBuildFile; fileRef = 220456462777F3D8000AB487 /* Tests_iOS.swift */; };
		220456492777F3D8000AB487 /* Tests_iOSLaunchTests.swift in Sources */ = {isa = PBXBuildFile; fileRef = 220456482777F3D8000AB487 /* Tests_iOSLaunchTests.swift */; };
		220456532777F3D8000AB487 /* Tests_macOS.swift in Sources */ = {isa = PBXBuildFile; fileRef = 220456522777F3D8000AB487 /* Tests_macOS.swift */; };
		220456552777F3D8000AB487 /* Tests_macOSLaunchTests.swift in Sources */ = {isa = PBXBuildFile; fileRef = 220456542777F3D8000AB487 /* Tests_macOSLaunchTests.swift */; };
		220456562777F3D8000AB487 /* LoginApp.swift in Sources */ = {isa = PBXBuildFile; fileRef = 2204562E2777F3D6000AB487 /* LoginApp.swift */; };
		220456572777F3D8000AB487 /* LoginApp.swift in Sources */ = {isa = PBXBuildFile; fileRef = 2204562E2777F3D6000AB487 /* LoginApp.swift */; };
		220456582777F3D8000AB487 /* LoginView.swift in Sources */ = {isa = PBXBuildFile; fileRef = 2204562F2777F3D6000AB487 /* LoginView.swift */; };
		220456592777F3D8000AB487 /* LoginView.swift in Sources */ = {isa = PBXBuildFile; fileRef = 2204562F2777F3D6000AB487 /* LoginView.swift */; };
		2204565A2777F3D8000AB487 /* Assets.xcassets in Resources */ = {isa = PBXBuildFile; fileRef = 220456302777F3D8000AB487 /* Assets.xcassets */; };
		2204565B2777F3D8000AB487 /* Assets.xcassets in Resources */ = {isa = PBXBuildFile; fileRef = 220456302777F3D8000AB487 /* Assets.xcassets */; };
		2204566E2777F43D000AB487 /* LoginModel.swift in Sources */ = {isa = PBXBuildFile; fileRef = 2204566D2777F43D000AB487 /* LoginModel.swift */; };
		2204566F2777F43D000AB487 /* LoginModel.swift in Sources */ = {isa = PBXBuildFile; fileRef = 2204566D2777F43D000AB487 /* LoginModel.swift */; };
/* End PBXBuildFile section */

/* Begin PBXContainerItemProxy section */
		220456432777F3D8000AB487 /* PBXContainerItemProxy */ = {
			isa = PBXContainerItemProxy;
			containerPortal = 220456292777F3D6000AB487 /* Project object */;
			proxyType = 1;
			remoteGlobalIDString = 220456342777F3D8000AB487;
			remoteInfo = "SwiftUILogin (iOS)";
		};
		2204564F2777F3D8000AB487 /* PBXContainerItemProxy */ = {
			isa = PBXContainerItemProxy;
			containerPortal = 220456292777F3D6000AB487 /* Project object */;
			proxyType = 1;
			remoteGlobalIDString = 2204563A2777F3D8000AB487;
			remoteInfo = "SwiftUILogin (macOS)";
		};
/* End PBXContainerItemProxy section */

/* Begin PBXFileReference section */
		2204562E2777F3D6000AB487 /* LoginApp.swift */ = {isa = PBXFileReference; lastKnownFileType = sourcecode.swift; path = LoginApp.swift; sourceTree = "<group>"; };
		2204562F2777F3D6000AB487 /* LoginView.swift */ = {isa = PBXFileReference; lastKnownFileType = sourcecode.swift; path = LoginView.swift; sourceTree = "<group>"; };
		220456302777F3D8000AB487 /* Assets.xcassets */ = {isa = PBXFileReference; lastKnownFileType = folder.assetcatalog; path = Assets.xcassets; sourceTree = "<group>"; };
		220456352777F3D8000AB487 /* SwiftUILogin.app */ = {isa = PBXFileReference; explicitFileType = wrapper.application; includeInIndex = 0; path = SwiftUILogin.app; sourceTree = BUILT_PRODUCTS_DIR; };
		2204563B2777F3D8000AB487 /* SwiftUILogin.app */ = {isa = PBXFileReference; explicitFileType = wrapper.application; includeInIndex = 0; path = SwiftUILogin.app; sourceTree = BUILT_PRODUCTS_DIR; };
		2204563D2777F3D8000AB487 /* macOS.entitlements */ = {isa = PBXFileReference; lastKnownFileType = text.plist.entitlements; path = macOS.entitlements; sourceTree = "<group>"; };
		220456422777F3D8000AB487 /* Tests iOS.xctest */ = {isa = PBXFileReference; explicitFileType = wrapper.cfbundle; includeInIndex = 0; path = "Tests iOS.xctest"; sourceTree = BUILT_PRODUCTS_DIR; };
		220456462777F3D8000AB487 /* Tests_iOS.swift */ = {isa = PBXFileReference; lastKnownFileType = sourcecode.swift; path = Tests_iOS.swift; sourceTree = "<group>"; };
		220456482777F3D8000AB487 /* Tests_iOSLaunchTests.swift */ = {isa = PBXFileReference; lastKnownFileType = sourcecode.swift; path = Tests_iOSLaunchTests.swift; sourceTree = "<group>"; };
		2204564E2777F3D8000AB487 /* Tests macOS.xctest */ = {isa = PBXFileReference; explicitFileType = wrapper.cfbundle; includeInIndex = 0; path = "Tests macOS.xctest"; sourceTree = BUILT_PRODUCTS_DIR; };
		220456522777F3D8000AB487 /* Tests_macOS.swift */ = {isa = PBXFileReference; lastKnownFileType = sourcecode.swift; path = Tests_macOS.swift; sourceTree = "<group>"; };
		220456542777F3D8000AB487 /* Tests_macOSLaunchTests.swift */ = {isa = PBXFileReference; lastKnownFileType = sourcecode.swift; path = Tests_macOSLaunchTests.swift; sourceTree = "<group>"; };
		2204566D2777F43D000AB487 /* LoginModel.swift */ = {isa = PBXFileReference; lastKnownFileType = sourcecode.swift; path = LoginModel.swift; sourceTree = "<group>"; };
/* End PBXFileReference section */

/* Begin PBXFrameworksBuildPhase section */
		220456322777F3D8000AB487 /* Frameworks */ = {
			isa = PBXFrameworksBuildPhase;
			buildActionMask = 2147483647;
			files = (
			);
			runOnlyForDeploymentPostprocessing = 0;
		};
		220456382777F3D8000AB487 /* Frameworks */ = {
			isa = PBXFrameworksBuildPhase;
			buildActionMask = 2147483647;
			files = (
			);
			runOnlyForDeploymentPostprocessing = 0;
		};
		2204563F2777F3D8000AB487 /* Frameworks */ = {
			isa = PBXFrameworksBuildPhase;
			buildActionMask = 2147483647;
			files = (
			);
			runOnlyForDeploymentPostprocessing = 0;
		};
		2204564B2777F3D8000AB487 /* Frameworks */ = {
			isa = PBXFrameworksBuildPhase;
			buildActionMask = 2147483647;
			files = (
			);
			runOnlyForDeploymentPostprocessing = 0;
		};
/* End PBXFrameworksBuildPhase section */

/* Begin PBXGroup section */
		220456282777F3D6000AB487 = {
			isa = PBXGroup;
			children = (
				2204562D2777F3D6000AB487 /* Shared */,
				2204563C2777F3D8000AB487 /* macOS */,
				220456452777F3D8000AB487 /* Tests iOS */,
				220456512777F3D8000AB487 /* Tests macOS */,
				220456362777F3D8000AB487 /* Products */,
			);
			sourceTree = "<group>";
		};
		2204562D2777F3D6000AB487 /* Shared */ = {
			isa = PBXGroup;
			children = (
				2204566C2777F408000AB487 /* Supporting Files */,
				2204566B2777F403000AB487 /* App */,
				2204566A2777F3FC000AB487 /* Login */,
			);
			path = Shared;
			sourceTree = "<group>";
		};
		220456362777F3D8000AB487 /* Products */ = {
			isa = PBXGroup;
			children = (
				220456352777F3D8000AB487 /* SwiftUILogin.app */,
				2204563B2777F3D8000AB487 /* SwiftUILogin.app */,
				220456422777F3D8000AB487 /* Tests iOS.xctest */,
				2204564E2777F3D8000AB487 /* Tests macOS.xctest */,
			);
			name = Products;
			sourceTree = "<group>";
		};
		2204563C2777F3D8000AB487 /* macOS */ = {
			isa = PBXGroup;
			children = (
				2204563D2777F3D8000AB487 /* macOS.entitlements */,
			);
			path = macOS;
			sourceTree = "<group>";
		};
		220456452777F3D8000AB487 /* Tests iOS */ = {
			isa = PBXGroup;
			children = (
				220456462777F3D8000AB487 /* Tests_iOS.swift */,
				220456482777F3D8000AB487 /* Tests_iOSLaunchTests.swift */,
			);
			path = "Tests iOS";
			sourceTree = "<group>";
		};
		220456512777F3D8000AB487 /* Tests macOS */ = {
			isa = PBXGroup;
			children = (
				220456522777F3D8000AB487 /* Tests_macOS.swift */,
				220456542777F3D8000AB487 /* Tests_macOSLaunchTests.swift */,
			);
			path = "Tests macOS";
			sourceTree = "<group>";
		};
		2204566A2777F3FC000AB487 /* Login */ = {
			isa = PBXGroup;
			children = (
				2204562F2777F3D6000AB487 /* LoginView.swift */,
				2204566D2777F43D000AB487 /* LoginModel.swift */,
			);
			path = Login;
			sourceTree = "<group>";
		};
		2204566B2777F403000AB487 /* App */ = {
			isa = PBXGroup;
			children = (
				2204562E2777F3D6000AB487 /* LoginApp.swift */,
			);
			path = App;
			sourceTree = "<group>";
		};
		2204566C2777F408000AB487 /* Supporting Files */ = {
			isa = PBXGroup;
			children = (
				220456302777F3D8000AB487 /* Assets.xcassets */,
			);
			path = "Supporting Files";
			sourceTree = "<group>";
		};
/* End PBXGroup section */

/* Begin PBXNativeTarget section */
		220456342777F3D8000AB487 /* SwiftUILogin (iOS) */ = {
			isa = PBXNativeTarget;
			buildConfigurationList = 2204565E2777F3D8000AB487 /* Build configuration list for PBXNativeTarget "SwiftUILogin (iOS)" */;
			buildPhases = (
				220456312777F3D8000AB487 /* Sources */,
				220456322777F3D8000AB487 /* Frameworks */,
				220456332777F3D8000AB487 /* Resources */,
			);
			buildRules = (
			);
			dependencies = (
			);
			name = "SwiftUILogin (iOS)";
			productName = "SwiftUILogin (iOS)";
			productReference = 220456352777F3D8000AB487 /* SwiftUILogin.app */;
			productType = "com.apple.product-type.application";
		};
		2204563A2777F3D8000AB487 /* SwiftUILogin (macOS) */ = {
			isa = PBXNativeTarget;
			buildConfigurationList = 220456612777F3D8000AB487 /* Build configuration list for PBXNativeTarget "SwiftUILogin (macOS)" */;
			buildPhases = (
				220456372777F3D8000AB487 /* Sources */,
				220456382777F3D8000AB487 /* Frameworks */,
				220456392777F3D8000AB487 /* Resources */,
			);
			buildRules = (
			);
			dependencies = (
			);
			name = "SwiftUILogin (macOS)";
			productName = "SwiftUILogin (macOS)";
			productReference = 2204563B2777F3D8000AB487 /* SwiftUILogin.app */;
			productType = "com.apple.product-type.application";
		};
		220456412777F3D8000AB487 /* Tests iOS */ = {
			isa = PBXNativeTarget;
			buildConfigurationList = 220456642777F3D8000AB487 /* Build configuration list for PBXNativeTarget "Tests iOS" */;
			buildPhases = (
				2204563E2777F3D8000AB487 /* Sources */,
				2204563F2777F3D8000AB487 /* Frameworks */,
				220456402777F3D8000AB487 /* Resources */,
			);
			buildRules = (
			);
			dependencies = (
				220456442777F3D8000AB487 /* PBXTargetDependency */,
			);
			name = "Tests iOS";
			productName = "Tests iOS";
			productReference = 220456422777F3D8000AB487 /* Tests iOS.xctest */;
			productType = "com.apple.product-type.bundle.ui-testing";
		};
		2204564D2777F3D8000AB487 /* Tests macOS */ = {
			isa = PBXNativeTarget;
			buildConfigurationList = 220456672777F3D8000AB487 /* Build configuration list for PBXNativeTarget "Tests macOS" */;
			buildPhases = (
				2204564A2777F3D8000AB487 /* Sources */,
				2204564B2777F3D8000AB487 /* Frameworks */,
				2204564C2777F3D8000AB487 /* Resources */,
			);
			buildRules = (
			);
			dependencies = (
				220456502777F3D8000AB487 /* PBXTargetDependency */,
			);
			name = "Tests macOS";
			productName = "Tests macOS";
			productReference = 2204564E2777F3D8000AB487 /* Tests macOS.xctest */;
			productType = "com.apple.product-type.bundle.ui-testing";
		};
/* End PBXNativeTarget section */

/* Begin PBXProject section */
		220456292777F3D6000AB487 /* Project object */ = {
			isa = PBXProject;
			attributes = {
				BuildIndependentTargetsInParallel = 1;
				LastSwiftUpdateCheck = 1320;
				LastUpgradeCheck = 1320;
				TargetAttributes = {
					220456342777F3D8000AB487 = {
						CreatedOnToolsVersion = 13.2;
					};
					2204563A2777F3D8000AB487 = {
						CreatedOnToolsVersion = 13.2;
					};
					220456412777F3D8000AB487 = {
						CreatedOnToolsVersion = 13.2;
						TestTargetID = 220456342777F3D8000AB487;
					};
					2204564D2777F3D8000AB487 = {
						CreatedOnToolsVersion = 13.2;
						TestTargetID = 2204563A2777F3D8000AB487;
					};
				};
			};
			buildConfigurationList = 2204562C2777F3D6000AB487 /* Build configuration list for PBXProject "SwiftUILogin" */;
			compatibilityVersion = "Xcode 13.0";
			developmentRegion = en;
			hasScannedForEncodings = 0;
			knownRegions = (
				en,
				Base,
			);
			mainGroup = 220456282777F3D6000AB487;
			productRefGroup = 220456362777F3D8000AB487 /* Products */;
			projectDirPath = "";
			projectRoot = "";
			targets = (
				220456342777F3D8000AB487 /* SwiftUILogin (iOS) */,
				2204563A2777F3D8000AB487 /* SwiftUILogin (macOS) */,
				220456412777F3D8000AB487 /* Tests iOS */,
				2204564D2777F3D8000AB487 /* Tests macOS */,
			);
		};
/* End PBXProject section */

/* Begin PBXResourcesBuildPhase section */
		220456332777F3D8000AB487 /* Resources */ = {
			isa = PBXResourcesBuildPhase;
			buildActionMask = 2147483647;
			files = (
				2204565A2777F3D8000AB487 /* Assets.xcassets in Resources */,
			);
			runOnlyForDeploymentPostprocessing = 0;
		};
		220456392777F3D8000AB487 /* Resources */ = {
			isa = PBXResourcesBuildPhase;
			buildActionMask = 2147483647;
			files = (
				2204565B2777F3D8000AB487 /* Assets.xcassets in Resources */,
			);
			runOnlyForDeploymentPostprocessing = 0;
		};
		220456402777F3D8000AB487 /* Resources */ = {
			isa = PBXResourcesBuildPhase;
			buildActionMask = 2147483647;
			files = (
			);
			runOnlyForDeploymentPostprocessing = 0;
		};
		2204564C2777F3D8000AB487 /* Resources */ = {
			isa = PBXResourcesBuildPhase;
			buildActionMask = 2147483647;
			files = (
			);
			runOnlyForDeploymentPostprocessing = 0;
		};
/* End PBXResourcesBuildPhase section */

/* Begin PBXSourcesBuildPhase section */
		220456312777F3D8000AB487 /* Sources */ = {
			isa = PBXSourcesBuildPhase;
			buildActionMask = 2147483647;
			files = (
				220456582777F3D8000AB487 /* LoginView.swift in Sources */,
				2204566E2777F43D000AB487 /* LoginModel.swift in Sources */,
				220456562777F3D8000AB487 /* LoginApp.swift in Sources */,
			);
			runOnlyForDeploymentPostprocessing = 0;
		};
		220456372777F3D8000AB487 /* Sources */ = {
			isa = PBXSourcesBuildPhase;
			buildActionMask = 2147483647;
			files = (
				220456592777F3D8000AB487 /* LoginView.swift in Sources */,
				2204566F2777F43D000AB487 /* LoginModel.swift in Sources */,
				220456572777F3D8000AB487 /* LoginApp.swift in Sources */,
			);
			runOnlyForDeploymentPostprocessing = 0;
		};
		2204563E2777F3D8000AB487 /* Sources */ = {
			isa = PBXSourcesBuildPhase;
			buildActionMask = 2147483647;
			files = (
				220456492777F3D8000AB487 /* Tests_iOSLaunchTests.swift in Sources */,
				220456472777F3D8000AB487 /* Tests_iOS.swift in Sources */,
			);
			runOnlyForDeploymentPostprocessing = 0;
		};
		2204564A2777F3D8000AB487 /* Sources */ = {
			isa = PBXSourcesBuildPhase;
			buildActionMask = 2147483647;
			files = (
				220456552777F3D8000AB487 /* Tests_macOSLaunchTests.swift in Sources */,
				220456532777F3D8000AB487 /* Tests_macOS.swift in Sources */,
			);
			runOnlyForDeploymentPostprocessing = 0;
		};
/* End PBXSourcesBuildPhase section */

/* Begin PBXTargetDependency section */
		220456442777F3D8000AB487 /* PBXTargetDependency */ = {
			isa = PBXTargetDependency;
			target = 220456342777F3D8000AB487 /* SwiftUILogin (iOS) */;
			targetProxy = 220456432777F3D8000AB487 /* PBXContainerItemProxy */;
		};
		220456502777F3D8000AB487 /* PBXTargetDependency */ = {
			isa = PBXTargetDependency;
			target = 2204563A2777F3D8000AB487 /* SwiftUILogin (macOS) */;
			targetProxy = 2204564F2777F3D8000AB487 /* PBXContainerItemProxy */;
		};
/* End PBXTargetDependency section */

/* Begin XCBuildConfiguration section */
		2204565C2777F3D8000AB487 /* Debug */ = {
			isa = XCBuildConfiguration;
			buildSettings = {
				ALWAYS_SEARCH_USER_PATHS = NO;
				CLANG_ANALYZER_NONNULL = YES;
				CLANG_ANALYZER_NUMBER_OBJECT_CONVERSION = YES_AGGRESSIVE;
				CLANG_CXX_LANGUAGE_STANDARD = "gnu++17";
				CLANG_CXX_LIBRARY = "libc++";
				CLANG_ENABLE_MODULES = YES;
				CLANG_ENABLE_OBJC_ARC = YES;
				CLANG_ENABLE_OBJC_WEAK = YES;
				CLANG_WARN_BLOCK_CAPTURE_AUTORELEASING = YES;
				CLANG_WARN_BOOL_CONVERSION = YES;
				CLANG_WARN_COMMA = YES;
				CLANG_WARN_CONSTANT_CONVERSION = YES;
				CLANG_WARN_DEPRECATED_OBJC_IMPLEMENTATIONS = YES;
				CLANG_WARN_DIRECT_OBJC_ISA_USAGE = YES_ERROR;
				CLANG_WARN_DOCUMENTATION_COMMENTS = YES;
				CLANG_WARN_EMPTY_BODY = YES;
				CLANG_WARN_ENUM_CONVERSION = YES;
				CLANG_WARN_INFINITE_RECURSION = YES;
				CLANG_WARN_INT_CONVERSION = YES;
				CLANG_WARN_NON_LITERAL_NULL_CONVERSION = YES;
				CLANG_WARN_OBJC_IMPLICIT_RETAIN_SELF = YES;
				CLANG_WARN_OBJC_LITERAL_CONVERSION = YES;
				CLANG_WARN_OBJC_ROOT_CLASS = YES_ERROR;
				CLANG_WARN_QUOTED_INCLUDE_IN_FRAMEWORK_HEADER = YES;
				CLANG_WARN_RANGE_LOOP_ANALYSIS = YES;
				CLANG_WARN_STRICT_PROTOTYPES = YES;
				CLANG_WARN_SUSPICIOUS_MOVE = YES;
				CLANG_WARN_UNGUARDED_AVAILABILITY = YES_AGGRESSIVE;
				CLANG_WARN_UNREACHABLE_CODE = YES;
				CLANG_WARN__DUPLICATE_METHOD_MATCH = YES;
				COPY_PHASE_STRIP = NO;
				DEBUG_INFORMATION_FORMAT = dwarf;
				ENABLE_STRICT_OBJC_MSGSEND = YES;
				ENABLE_TESTABILITY = YES;
				GCC_C_LANGUAGE_STANDARD = gnu11;
				GCC_DYNAMIC_NO_PIC = NO;
				GCC_NO_COMMON_BLOCKS = YES;
				GCC_OPTIMIZATION_LEVEL = 0;
				GCC_PREPROCESSOR_DEFINITIONS = (
					"DEBUG=1",
					"$(inherited)",
				);
				GCC_WARN_64_TO_32_BIT_CONVERSION = YES;
				GCC_WARN_ABOUT_RETURN_TYPE = YES_ERROR;
				GCC_WARN_UNDECLARED_SELECTOR = YES;
				GCC_WARN_UNINITIALIZED_AUTOS = YES_AGGRESSIVE;
				GCC_WARN_UNUSED_FUNCTION = YES;
				GCC_WARN_UNUSED_VARIABLE = YES;
				IPHONEOS_DEPLOYMENT_TARGET = 15.0;
				MTL_ENABLE_DEBUG_INFO = INCLUDE_SOURCE;
				MTL_FAST_MATH = YES;
				ONLY_ACTIVE_ARCH = YES;
				SWIFT_ACTIVE_COMPILATION_CONDITIONS = DEBUG;
				SWIFT_OPTIMIZATION_LEVEL = "-Onone";
			};
			name = Debug;
		};
		2204565D2777F3D8000AB487 /* Release */ = {
			isa = XCBuildConfiguration;
			buildSettings = {
				ALWAYS_SEARCH_USER_PATHS = NO;
				CLANG_ANALYZER_NONNULL = YES;
				CLANG_ANALYZER_NUMBER_OBJECT_CONVERSION = YES_AGGRESSIVE;
				CLANG_CXX_LANGUAGE_STANDARD = "gnu++17";
				CLANG_CXX_LIBRARY = "libc++";
				CLANG_ENABLE_MODULES = YES;
				CLANG_ENABLE_OBJC_ARC = YES;
				CLANG_ENABLE_OBJC_WEAK = YES;
				CLANG_WARN_BLOCK_CAPTURE_AUTORELEASING = YES;
				CLANG_WARN_BOOL_CONVERSION = YES;
				CLANG_WARN_COMMA = YES;
				CLANG_WARN_CONSTANT_CONVERSION = YES;
				CLANG_WARN_DEPRECATED_OBJC_IMPLEMENTATIONS = YES;
				CLANG_WARN_DIRECT_OBJC_ISA_USAGE = YES_ERROR;
				CLANG_WARN_DOCUMENTATION_COMMENTS = YES;
				CLANG_WARN_EMPTY_BODY = YES;
				CLANG_WARN_ENUM_CONVERSION = YES;
				CLANG_WARN_INFINITE_RECURSION = YES;
				CLANG_WARN_INT_CONVERSION = YES;
				CLANG_WARN_NON_LITERAL_NULL_CONVERSION = YES;
				CLANG_WARN_OBJC_IMPLICIT_RETAIN_SELF = YES;
				CLANG_WARN_OBJC_LITERAL_CONVERSION = YES;
				CLANG_WARN_OBJC_ROOT_CLASS = YES_ERROR;
				CLANG_WARN_QUOTED_INCLUDE_IN_FRAMEWORK_HEADER = YES;
				CLANG_WARN_RANGE_LOOP_ANALYSIS = YES;
				CLANG_WARN_STRICT_PROTOTYPES = YES;
				CLANG_WARN_SUSPICIOUS_MOVE = YES;
				CLANG_WARN_UNGUARDED_AVAILABILITY = YES_AGGRESSIVE;
				CLANG_WARN_UNREACHABLE_CODE = YES;
				CLANG_WARN__DUPLICATE_METHOD_MATCH = YES;
				COPY_PHASE_STRIP = NO;
				DEBUG_INFORMATION_FORMAT = "dwarf-with-dsym";
				ENABLE_NS_ASSERTIONS = NO;
				ENABLE_STRICT_OBJC_MSGSEND = YES;
				GCC_C_LANGUAGE_STANDARD = gnu11;
				GCC_NO_COMMON_BLOCKS = YES;
				GCC_WARN_64_TO_32_BIT_CONVERSION = YES;
				GCC_WARN_ABOUT_RETURN_TYPE = YES_ERROR;
				GCC_WARN_UNDECLARED_SELECTOR = YES;
				GCC_WARN_UNINITIALIZED_AUTOS = YES_AGGRESSIVE;
				GCC_WARN_UNUSED_FUNCTION = YES;
				GCC_WARN_UNUSED_VARIABLE = YES;
				IPHONEOS_DEPLOYMENT_TARGET = 15.0;
				MTL_ENABLE_DEBUG_INFO = NO;
				MTL_FAST_MATH = YES;
				SWIFT_COMPILATION_MODE = wholemodule;
				SWIFT_OPTIMIZATION_LEVEL = "-O";
			};
			name = Release;
		};
		2204565F2777F3D8000AB487 /* Debug */ = {
			isa = XCBuildConfiguration;
			buildSettings = {
				ASSETCATALOG_COMPILER_APPICON_NAME = AppIcon;
				ASSETCATALOG_COMPILER_GLOBAL_ACCENT_COLOR_NAME = AccentColor;
				CODE_SIGN_STYLE = Automatic;
				CURRENT_PROJECT_VERSION = 1;
				DEVELOPMENT_TEAM = D9KU92KK65;
				ENABLE_PREVIEWS = YES;
				GENERATE_INFOPLIST_FILE = YES;
				INFOPLIST_KEY_UIApplicationSceneManifest_Generation = YES;
				INFOPLIST_KEY_UIApplicationSupportsIndirectInputEvents = YES;
				INFOPLIST_KEY_UILaunchScreen_Generation = YES;
				INFOPLIST_KEY_UISupportedInterfaceOrientations_iPad = "UIInterfaceOrientationPortrait UIInterfaceOrientationPortraitUpsideDown UIInterfaceOrientationLandscapeLeft UIInterfaceOrientationLandscapeRight";
				INFOPLIST_KEY_UISupportedInterfaceOrientations_iPhone = "UIInterfaceOrientationPortrait UIInterfaceOrientationLandscapeLeft UIInterfaceOrientationLandscapeRight";
				IPHONEOS_DEPLOYMENT_TARGET = 15.2;
				LD_RUNPATH_SEARCH_PATHS = (
					"$(inherited)",
					"@executable_path/Frameworks",
				);
				MARKETING_VERSION = 1.0;
				PRODUCT_BUNDLE_IDENTIFIER = company.perimeter.dahua.SwiftUILogin;
				PRODUCT_NAME = SwiftUILogin;
				SDKROOT = iphoneos;
				SWIFT_EMIT_LOC_STRINGS = YES;
				SWIFT_VERSION = 5.0;
				TARGETED_DEVICE_FAMILY = "1,2";
			};
			name = Debug;
		};
		220456602777F3D8000AB487 /* Release */ = {
			isa = XCBuildConfiguration;
			buildSettings = {
				ASSETCATALOG_COMPILER_APPICON_NAME = AppIcon;
				ASSETCATALOG_COMPILER_GLOBAL_ACCENT_COLOR_NAME = AccentColor;
				CODE_SIGN_STYLE = Automatic;
				CURRENT_PROJECT_VERSION = 1;
				DEVELOPMENT_TEAM = D9KU92KK65;
				ENABLE_PREVIEWS = YES;
				GENERATE_INFOPLIST_FILE = YES;
				INFOPLIST_KEY_UIApplicationSceneManifest_Generation = YES;
				INFOPLIST_KEY_UIApplicationSupportsIndirectInputEvents = YES;
				INFOPLIST_KEY_UILaunchScreen_Generation = YES;
				INFOPLIST_KEY_UISupportedInterfaceOrientations_iPad = "UIInterfaceOrientationPortrait UIInterfaceOrientationPortraitUpsideDown UIInterfaceOrientationLandscapeLeft UIInterfaceOrientationLandscapeRight";
				INFOPLIST_KEY_UISupportedInterfaceOrientations_iPhone = "UIInterfaceOrientationPortrait UIInterfaceOrientationLandscapeLeft UIInterfaceOrientationLandscapeRight";
				IPHONEOS_DEPLOYMENT_TARGET = 15.2;
				LD_RUNPATH_SEARCH_PATHS = (
					"$(inherited)",
					"@executable_path/Frameworks",
				);
				MARKETING_VERSION = 1.0;
				PRODUCT_BUNDLE_IDENTIFIER = company.perimeter.dahua.SwiftUILogin;
				PRODUCT_NAME = SwiftUILogin;
				SDKROOT = iphoneos;
				SWIFT_EMIT_LOC_STRINGS = YES;
				SWIFT_VERSION = 5.0;
				TARGETED_DEVICE_FAMILY = "1,2";
				VALIDATE_PRODUCT = YES;
			};
			name = Release;
		};
		220456622777F3D8000AB487 /* Debug */ = {
			isa = XCBuildConfiguration;
			buildSettings = {
				ASSETCATALOG_COMPILER_APPICON_NAME = AppIcon;
				ASSETCATALOG_COMPILER_GLOBAL_ACCENT_COLOR_NAME = AccentColor;
				CODE_SIGN_ENTITLEMENTS = macOS/macOS.entitlements;
				CODE_SIGN_STYLE = Automatic;
				COMBINE_HIDPI_IMAGES = YES;
				CURRENT_PROJECT_VERSION = 1;
				DEVELOPMENT_TEAM = D9KU92KK65;
				ENABLE_HARDENED_RUNTIME = YES;
				ENABLE_PREVIEWS = YES;
				GENERATE_INFOPLIST_FILE = YES;
				INFOPLIST_KEY_NSHumanReadableCopyright = "";
				LD_RUNPATH_SEARCH_PATHS = (
					"$(inherited)",
					"@executable_path/../Frameworks",
				);
				MACOSX_DEPLOYMENT_TARGET = 12.0;
				MARKETING_VERSION = 1.0;
				PRODUCT_BUNDLE_IDENTIFIER = company.perimeter.dahua.SwiftUILogin;
				PRODUCT_NAME = SwiftUILogin;
				SDKROOT = macosx;
				SWIFT_EMIT_LOC_STRINGS = YES;
				SWIFT_VERSION = 5.0;
			};
			name = Debug;
		};
		220456632777F3D8000AB487 /* Release */ = {
			isa = XCBuildConfiguration;
			buildSettings = {
				ASSETCATALOG_COMPILER_APPICON_NAME = AppIcon;
				ASSETCATALOG_COMPILER_GLOBAL_ACCENT_COLOR_NAME = AccentColor;
				CODE_SIGN_ENTITLEMENTS = macOS/macOS.entitlements;
				CODE_SIGN_STYLE = Automatic;
				COMBINE_HIDPI_IMAGES = YES;
				CURRENT_PROJECT_VERSION = 1;
				DEVELOPMENT_TEAM = D9KU92KK65;
				ENABLE_HARDENED_RUNTIME = YES;
				ENABLE_PREVIEWS = YES;
				GENERATE_INFOPLIST_FILE = YES;
				INFOPLIST_KEY_NSHumanReadableCopyright = "";
				LD_RUNPATH_SEARCH_PATHS = (
					"$(inherited)",
					"@executable_path/../Frameworks",
				);
				MACOSX_DEPLOYMENT_TARGET = 12.0;
				MARKETING_VERSION = 1.0;
				PRODUCT_BUNDLE_IDENTIFIER = company.perimeter.dahua.SwiftUILogin;
				PRODUCT_NAME = SwiftUILogin;
				SDKROOT = macosx;
				SWIFT_EMIT_LOC_STRINGS = YES;
				SWIFT_VERSION = 5.0;
			};
			name = Release;
		};
		220456652777F3D8000AB487 /* Debug */ = {
			isa = XCBuildConfiguration;
			buildSettings = {
				ALWAYS_EMBED_SWIFT_STANDARD_LIBRARIES = YES;
				CODE_SIGN_STYLE = Automatic;
				CURRENT_PROJECT_VERSION = 1;
				DEVELOPMENT_TEAM = D9KU92KK65;
				GENERATE_INFOPLIST_FILE = YES;
				IPHONEOS_DEPLOYMENT_TARGET = 15.2;
				MARKETING_VERSION = 1.0;
				PRODUCT_BUNDLE_IDENTIFIER = "company.perimeter.dahua.Tests-iOS";
				PRODUCT_NAME = "$(TARGET_NAME)";
				SDKROOT = iphoneos;
				SWIFT_EMIT_LOC_STRINGS = NO;
				SWIFT_VERSION = 5.0;
				TARGETED_DEVICE_FAMILY = "1,2";
				TEST_TARGET_NAME = "SwiftUILogin (iOS)";
			};
			name = Debug;
		};
		220456662777F3D8000AB487 /* Release */ = {
			isa = XCBuildConfiguration;
			buildSettings = {
				ALWAYS_EMBED_SWIFT_STANDARD_LIBRARIES = YES;
				CODE_SIGN_STYLE = Automatic;
				CURRENT_PROJECT_VERSION = 1;
				DEVELOPMENT_TEAM = D9KU92KK65;
				GENERATE_INFOPLIST_FILE = YES;
				IPHONEOS_DEPLOYMENT_TARGET = 15.2;
				MARKETING_VERSION = 1.0;
				PRODUCT_BUNDLE_IDENTIFIER = "company.perimeter.dahua.Tests-iOS";
				PRODUCT_NAME = "$(TARGET_NAME)";
				SDKROOT = iphoneos;
				SWIFT_EMIT_LOC_STRINGS = NO;
				SWIFT_VERSION = 5.0;
				TARGETED_DEVICE_FAMILY = "1,2";
				TEST_TARGET_NAME = "SwiftUILogin (iOS)";
				VALIDATE_PRODUCT = YES;
			};
			name = Release;
		};
		220456682777F3D8000AB487 /* Debug */ = {
			isa = XCBuildConfiguration;
			buildSettings = {
				ALWAYS_EMBED_SWIFT_STANDARD_LIBRARIES = YES;
				CODE_SIGN_STYLE = Automatic;
				CURRENT_PROJECT_VERSION = 1;
				DEVELOPMENT_TEAM = D9KU92KK65;
				GENERATE_INFOPLIST_FILE = YES;
				MACOSX_DEPLOYMENT_TARGET = 12.0;
				MARKETING_VERSION = 1.0;
				PRODUCT_BUNDLE_IDENTIFIER = "company.perimeter.dahua.Tests-macOS";
				PRODUCT_NAME = "$(TARGET_NAME)";
				SDKROOT = macosx;
				SWIFT_EMIT_LOC_STRINGS = NO;
				SWIFT_VERSION = 5.0;
				TEST_TARGET_NAME = "SwiftUILogin (macOS)";
			};
			name = Debug;
		};
		220456692777F3D8000AB487 /* Release */ = {
			isa = XCBuildConfiguration;
			buildSettings = {
				ALWAYS_EMBED_SWIFT_STANDARD_LIBRARIES = YES;
				CODE_SIGN_STYLE = Automatic;
				CURRENT_PROJECT_VERSION = 1;
				DEVELOPMENT_TEAM = D9KU92KK65;
				GENERATE_INFOPLIST_FILE = YES;
				MACOSX_DEPLOYMENT_TARGET = 12.0;
				MARKETING_VERSION = 1.0;
				PRODUCT_BUNDLE_IDENTIFIER = "company.perimeter.dahua.Tests-macOS";
				PRODUCT_NAME = "$(TARGET_NAME)";
				SDKROOT = macosx;
				SWIFT_EMIT_LOC_STRINGS = NO;
				SWIFT_VERSION = 5.0;
				TEST_TARGET_NAME = "SwiftUILogin (macOS)";
			};
			name = Release;
		};
/* End XCBuildConfiguration section */

/* Begin XCConfigurationList section */
		2204562C2777F3D6000AB487 /* Build configuration list for PBXProject "SwiftUILogin" */ = {
			isa = XCConfigurationList;
			buildConfigurations = (
				2204565C2777F3D8000AB487 /* Debug */,
				2204565D2777F3D8000AB487 /* Release */,
			);
			defaultConfigurationIsVisible = 0;
			defaultConfigurationName = Release;
		};
		2204565E2777F3D8000AB487 /* Build configuration list for PBXNativeTarget "SwiftUILogin (iOS)" */ = {
			isa = XCConfigurationList;
			buildConfigurations = (
				2204565F2777F3D8000AB487 /* Debug */,
				220456602777F3D8000AB487 /* Release */,
			);
			defaultConfigurationIsVisible = 0;
			defaultConfigurationName = Release;
		};
		220456612777F3D8000AB487 /* Build configuration list for PBXNativeTarget "SwiftUILogin (macOS)" */ = {
			isa = XCConfigurationList;
			buildConfigurations = (
				220456622777F3D8000AB487 /* Debug */,
				220456632777F3D8000AB487 /* Release */,
			);
			defaultConfigurationIsVisible = 0;
			defaultConfigurationName = Release;
		};
		220456642777F3D8000AB487 /* Build configuration list for PBXNativeTarget "Tests iOS" */ = {
			isa = XCConfigurationList;
			buildConfigurations = (
				220456652777F3D8000AB487 /* Debug */,
				220456662777F3D8000AB487 /* Release */,
			);
			defaultConfigurationIsVisible = 0;
			defaultConfigurationName = Release;
		};
		220456672777F3D8000AB487 /* Build configuration list for PBXNativeTarget "Tests macOS" */ = {
			isa = XCConfigurationList;
			buildConfigurations = (
				220456682777F3D8000AB487 /* Debug */,
				220456692777F3D8000AB487 /* Release */,
			);
			defaultConfigurationIsVisible = 0;
			defaultConfigurationName = Release;
		};
/* End XCConfigurationList section */
	};
	rootObject = 220456292777F3D6000AB487 /* Project object */;
}
